
Microsoft Visual Studio Solution File, Format Version 12.00
# Visual Studio Version 17
VisualStudioVersion = 17.13.35806.99
MinimumVisualStudioVersion = 10.0.40219.1
Project("{FAE04EC0-301F-11D3-BF4B-00C04F79EFBC}") = "PCIS_Practice1", "PCIS_Practice1\PCIS_Practice1.csproj", "{ECBA9233-523D-4FFE-9953-5E284E6FD0BD}"
EndProject
Project("{FAE04EC0-301F-11D3-BF4B-00C04F79EFBC}") = "PCIS_Practice1.UnitTests", "PCIS_Practice1.UnitTests\PCIS_Practice1.UnitTests.csproj", "{74A7E0FD-E902-49C9-8A4F-17F1D2FB3F32}"
EndProject
Global
	GlobalSection(SolutionConfigurationPlatforms) = preSolution
		Debug|Any CPU = Debug|Any CPU
		Release|Any CPU = Release|Any CPU
	EndGlobalSection
	GlobalSection(ProjectConfigurationPlatforms) = postSolution
		{ECBA9233-523D-4FFE-9953-5E284E6FD0BD}.Debug|Any CPU.ActiveCfg = Debug|Any CPU
		{ECBA9233-523D-4FFE-9953-5E284E6FD0BD}.Debug|Any CPU.Build.0 = Debug|Any CPU
		{ECBA9233-523D-4FFE-9953-5E284E6FD0BD}.Release|Any CPU.ActiveCfg = Release|Any CPU
		{ECBA9233-523D-4FFE-9953-5E284E6FD0BD}.Release|Any CPU.Build.0 = Release|Any CPU
		{74A7E0FD-E902-49C9-8A4F-17F1D2FB3F32}.Debug|Any CPU.ActiveCfg = Debug|Any CPU
		{74A7E0FD-E902-49C9-8A4F-17F1D2FB3F32}.Debug|Any CPU.Build.0 = Debug|Any CPU
		{74A7E0FD-E902-49C9-8A4F-17F1D2FB3F32}.Release|Any CPU.ActiveCfg = Release|Any CPU
		{74A7E0FD-E902-49C9-8A4F-17F1D2FB3F32}.Release|Any CPU.Build.0 = Release|Any CPU
	EndGlobalSection
	GlobalSection(SolutionProperties) = preSolution
		HideSolutionNode = FALSE
	EndGlobalSection
	GlobalSection(ExtensibilityGlobals) = postSolution
		SolutionGuid = {F4EDCDAC-020A-4AC9-B45A-4578742E492B}
	EndGlobalSection
EndGlobal
